// !$*UTF8*$!
{
	archiveVersion = 1;
	classes = {
	};
	objectVersion = 46;
	objects = {

/* Begin PBXBuildFile section */
		D347A6E118C5AD3C00858DDB /* Foundation.framework in Frameworks */ = {isa = PBXBuildFile; fileRef = D347A6E018C5AD3C00858DDB /* Foundation.framework */; };
		D347A6E318C5AD3C00858DDB /* CoreGraphics.framework in Frameworks */ = {isa = PBXBuildFile; fileRef = D347A6E218C5AD3C00858DDB /* CoreGraphics.framework */; };
		D347A6E518C5AD3C00858DDB /* UIKit.framework in Frameworks */ = {isa = PBXBuildFile; fileRef = D347A6E418C5AD3C00858DDB /* UIKit.framework */; };
		D347A6EB18C5AD3C00858DDB /* InfoPlist.strings in Resources */ = {isa = PBXBuildFile; fileRef = D347A6E918C5AD3C00858DDB /* InfoPlist.strings */; };
		D347A6ED18C5AD3C00858DDB /* main.m in Sources */ = {isa = PBXBuildFile; fileRef = D347A6EC18C5AD3C00858DDB /* main.m */; };
		D347A6F118C5AD3C00858DDB /* AppDelegate.m in Sources */ = {isa = PBXBuildFile; fileRef = D347A6F018C5AD3C00858DDB /* AppDelegate.m */; };
		D347A6F418C5AD3C00858DDB /* Main.storyboard in Resources */ = {isa = PBXBuildFile; fileRef = D347A6F218C5AD3C00858DDB /* Main.storyboard */; };
		D347A6F718C5AD3C00858DDB /* FirstViewController.m in Sources */ = {isa = PBXBuildFile; fileRef = D347A6F618C5AD3C00858DDB /* FirstViewController.m */; };
		D347A6FA18C5AD3C00858DDB /* SecondViewController.m in Sources */ = {isa = PBXBuildFile; fileRef = D347A6F918C5AD3C00858DDB /* SecondViewController.m */; };
		D347A6FC18C5AD3C00858DDB /* Images.xcassets in Resources */ = {isa = PBXBuildFile; fileRef = D347A6FB18C5AD3C00858DDB /* Images.xcassets */; };
		D347A70318C5AD3C00858DDB /* XCTest.framework in Frameworks */ = {isa = PBXBuildFile; fileRef = D347A70218C5AD3C00858DDB /* XCTest.framework */; };
		D347A70418C5AD3C00858DDB /* Foundation.framework in Frameworks */ = {isa = PBXBuildFile; fileRef = D347A6E018C5AD3C00858DDB /* Foundation.framework */; };
		D347A70518C5AD3C00858DDB /* UIKit.framework in Frameworks */ = {isa = PBXBuildFile; fileRef = D347A6E418C5AD3C00858DDB /* UIKit.framework */; };
		D347A70D18C5AD3C00858DDB /* InfoPlist.strings in Resources */ = {isa = PBXBuildFile; fileRef = D347A70B18C5AD3C00858DDB /* InfoPlist.strings */; };
		D347A70F18C5AD3C00858DDB /* USGBCTests.m in Sources */ = {isa = PBXBuildFile; fileRef = D347A70E18C5AD3C00858DDB /* USGBCTests.m */; };
/* End PBXBuildFile section */

/* Begin PBXContainerItemProxy section */
		D347A70618C5AD3C00858DDB /* PBXContainerItemProxy */ = {
			isa = PBXContainerItemProxy;
			containerPortal = D347A6D518C5AD3C00858DDB /* Project object */;
			proxyType = 1;
			remoteGlobalIDString = D347A6DC18C5AD3C00858DDB;
			remoteInfo = USGBC;
		};
/* End PBXContainerItemProxy section */

/* Begin PBXFileReference section */
		D347A6DD18C5AD3C00858DDB /* USGBC.app */ = {isa = PBXFileReference; explicitFileType = wrapper.application; includeInIndex = 0; path = USGBC.app; sourceTree = BUILT_PRODUCTS_DIR; };
		D347A6E018C5AD3C00858DDB /* Foundation.framework */ = {isa = PBXFileReference; lastKnownFileType = wrapper.framework; name = Foundation.framework; path = System/Library/Frameworks/Foundation.framework; sourceTree = SDKROOT; };
		D347A6E218C5AD3C00858DDB /* CoreGraphics.framework */ = {isa = PBXFileReference; lastKnownFileType = wrapper.framework; name = CoreGraphics.framework; path = System/Library/Frameworks/CoreGraphics.framework; sourceTree = SDKROOT; };
		D347A6E418C5AD3C00858DDB /* UIKit.framework */ = {isa = PBXFileReference; lastKnownFileType = wrapper.framework; name = UIKit.framework; path = System/Library/Frameworks/UIKit.framework; sourceTree = SDKROOT; };
		D347A6E818C5AD3C00858DDB /* USGBC-Info.plist */ = {isa = PBXFileReference; lastKnownFileType = text.plist.xml; path = "USGBC-Info.plist"; sourceTree = "<group>"; };
		D347A6EA18C5AD3C00858DDB /* en */ = {isa = PBXFileReference; lastKnownFileType = text.plist.strings; name = en; path = en.lproj/InfoPlist.strings; sourceTree = "<group>"; };
		D347A6EC18C5AD3C00858DDB /* main.m */ = {isa = PBXFileReference; lastKnownFileType = sourcecode.c.objc; path = main.m; sourceTree = "<group>"; };
		D347A6EE18C5AD3C00858DDB /* USGBC-Prefix.pch */ = {isa = PBXFileReference; lastKnownFileType = sourcecode.c.h; path = "USGBC-Prefix.pch"; sourceTree = "<group>"; };
		D347A6EF18C5AD3C00858DDB /* AppDelegate.h */ = {isa = PBXFileReference; lastKnownFileType = sourcecode.c.h; path = AppDelegate.h; sourceTree = "<group>"; };
		D347A6F018C5AD3C00858DDB /* AppDelegate.m */ = {isa = PBXFileReference; lastKnownFileType = sourcecode.c.objc; path = AppDelegate.m; sourceTree = "<group>"; };
		D347A6F318C5AD3C00858DDB /* Base */ = {isa = PBXFileReference; lastKnownFileType = file.storyboard; name = Base; path = Base.lproj/Main.storyboard; sourceTree = "<group>"; };
		D347A6F518C5AD3C00858DDB /* FirstViewController.h */ = {isa = PBXFileReference; lastKnownFileType = sourcecode.c.h; path = FirstViewController.h; sourceTree = "<group>"; };
		D347A6F618C5AD3C00858DDB /* FirstViewController.m */ = {isa = PBXFileReference; lastKnownFileType = sourcecode.c.objc; path = FirstViewController.m; sourceTree = "<group>"; };
		D347A6F818C5AD3C00858DDB /* SecondViewController.h */ = {isa = PBXFileReference; lastKnownFileType = sourcecode.c.h; path = SecondViewController.h; sourceTree = "<group>"; };
		D347A6F918C5AD3C00858DDB /* SecondViewController.m */ = {isa = PBXFileReference; lastKnownFileType = sourcecode.c.objc; path = SecondViewController.m; sourceTree = "<group>"; };
		D347A6FB18C5AD3C00858DDB /* Images.xcassets */ = {isa = PBXFileReference; lastKnownFileType = folder.assetcatalog; path = Images.xcassets; sourceTree = "<group>"; };
		D347A70118C5AD3C00858DDB /* USGBCTests.xctest */ = {isa = PBXFileReference; explicitFileType = wrapper.cfbundle; includeInIndex = 0; path = USGBCTests.xctest; sourceTree = BUILT_PRODUCTS_DIR; };
		D347A70218C5AD3C00858DDB /* XCTest.framework */ = {isa = PBXFileReference; lastKnownFileType = wrapper.framework; name = XCTest.framework; path = Library/Frameworks/XCTest.framework; sourceTree = DEVELOPER_DIR; };
		D347A70A18C5AD3C00858DDB /* USGBCTests-Info.plist */ = {isa = PBXFileReference; lastKnownFileType = text.plist.xml; path = "USGBCTests-Info.plist"; sourceTree = "<group>"; };
		D347A70C18C5AD3C00858DDB /* en */ = {isa = PBXFileReference; lastKnownFileType = text.plist.strings; name = en; path = en.lproj/InfoPlist.strings; sourceTree = "<group>"; };
		D347A70E18C5AD3C00858DDB /* USGBCTests.m */ = {isa = PBXFileReference; lastKnownFileType = sourcecode.c.objc; path = USGBCTests.m; sourceTree = "<group>"; };
/* End PBXFileReference section */

/* Begin PBXFrameworksBuildPhase section */
		D347A6DA18C5AD3C00858DDB /* Frameworks */ = {
			isa = PBXFrameworksBuildPhase;
			buildActionMask = 2147483647;
			files = (
				D347A6E318C5AD3C00858DDB /* CoreGraphics.framework in Frameworks */,
				D347A6E518C5AD3C00858DDB /* UIKit.framework in Frameworks */,
				D347A6E118C5AD3C00858DDB /* Foundation.framework in Frameworks */,
			);
			runOnlyForDeploymentPostprocessing = 0;
		};
		D347A6FE18C5AD3C00858DDB /* Frameworks */ = {
			isa = PBXFrameworksBuildPhase;
			buildActionMask = 2147483647;
			files = (
				D347A70318C5AD3C00858DDB /* XCTest.framework in Frameworks */,
				D347A70518C5AD3C00858DDB /* UIKit.framework in Frameworks */,
				D347A70418C5AD3C00858DDB /* Foundation.framework in Frameworks */,
			);
			runOnlyForDeploymentPostprocessing = 0;
		};
/* End PBXFrameworksBuildPhase section */

/* Begin PBXGroup section */
		D347A6D418C5AD3C00858DDB = {
			isa = PBXGroup;
			children = (
				D347A6E618C5AD3C00858DDB /* USGBC */,
				D347A70818C5AD3C00858DDB /* USGBCTests */,
				D347A6DF18C5AD3C00858DDB /* Frameworks */,
				D347A6DE18C5AD3C00858DDB /* Products */,
			);
			sourceTree = "<group>";
		};
		D347A6DE18C5AD3C00858DDB /* Products */ = {
			isa = PBXGroup;
			children = (
				D347A6DD18C5AD3C00858DDB /* USGBC.app */,
				D347A70118C5AD3C00858DDB /* USGBCTests.xctest */,
			);
			name = Products;
			sourceTree = "<group>";
		};
		D347A6DF18C5AD3C00858DDB /* Frameworks */ = {
			isa = PBXGroup;
			children = (
				D347A6E018C5AD3C00858DDB /* Foundation.framework */,
				D347A6E218C5AD3C00858DDB /* CoreGraphics.framework */,
				D347A6E418C5AD3C00858DDB /* UIKit.framework */,
				D347A70218C5AD3C00858DDB /* XCTest.framework */,
			);
			name = Frameworks;
			sourceTree = "<group>";
		};
		D347A6E618C5AD3C00858DDB /* USGBC */ = {
			isa = PBXGroup;
			children = (
				D347A6EF18C5AD3C00858DDB /* AppDelegate.h */,
				D347A6F018C5AD3C00858DDB /* AppDelegate.m */,
				D347A6F218C5AD3C00858DDB /* Main.storyboard */,
				D347A6F518C5AD3C00858DDB /* FirstViewController.h */,
				D347A6F618C5AD3C00858DDB /* FirstViewController.m */,
				D347A6F818C5AD3C00858DDB /* SecondViewController.h */,
				D347A6F918C5AD3C00858DDB /* SecondViewController.m */,
				D347A6FB18C5AD3C00858DDB /* Images.xcassets */,
				D347A6E718C5AD3C00858DDB /* Supporting Files */,
			);
			path = USGBC;
			sourceTree = "<group>";
		};
		D347A6E718C5AD3C00858DDB /* Supporting Files */ = {
			isa = PBXGroup;
			children = (
				D347A6E818C5AD3C00858DDB /* USGBC-Info.plist */,
				D347A6E918C5AD3C00858DDB /* InfoPlist.strings */,
				D347A6EC18C5AD3C00858DDB /* main.m */,
				D347A6EE18C5AD3C00858DDB /* USGBC-Prefix.pch */,
			);
			name = "Supporting Files";
			sourceTree = "<group>";
		};
		D347A70818C5AD3C00858DDB /* USGBCTests */ = {
			isa = PBXGroup;
			children = (
				D347A70E18C5AD3C00858DDB /* USGBCTests.m */,
				D347A70918C5AD3C00858DDB /* Supporting Files */,
			);
			path = USGBCTests;
			sourceTree = "<group>";
		};
		D347A70918C5AD3C00858DDB /* Supporting Files */ = {
			isa = PBXGroup;
			children = (
				D347A70A18C5AD3C00858DDB /* USGBCTests-Info.plist */,
				D347A70B18C5AD3C00858DDB /* InfoPlist.strings */,
			);
			name = "Supporting Files";
			sourceTree = "<group>";
		};
/* End PBXGroup section */

/* Begin PBXNativeTarget section */
		D347A6DC18C5AD3C00858DDB /* USGBC */ = {
			isa = PBXNativeTarget;
			buildConfigurationList = D347A71218C5AD3C00858DDB /* Build configuration list for PBXNativeTarget "USGBC" */;
			buildPhases = (
				D347A6D918C5AD3C00858DDB /* Sources */,
				D347A6DA18C5AD3C00858DDB /* Frameworks */,
				D347A6DB18C5AD3C00858DDB /* Resources */,
			);
			buildRules = (
			);
			dependencies = (
			);
			name = USGBC;
			productName = USGBC;
			productReference = D347A6DD18C5AD3C00858DDB /* USGBC.app */;
			productType = "com.apple.product-type.application";
		};
		D347A70018C5AD3C00858DDB /* USGBCTests */ = {
			isa = PBXNativeTarget;
			buildConfigurationList = D347A71518C5AD3C00858DDB /* Build configuration list for PBXNativeTarget "USGBCTests" */;
			buildPhases = (
				D347A6FD18C5AD3C00858DDB /* Sources */,
				D347A6FE18C5AD3C00858DDB /* Frameworks */,
				D347A6FF18C5AD3C00858DDB /* Resources */,
			);
			buildRules = (
			);
			dependencies = (
				D347A70718C5AD3C00858DDB /* PBXTargetDependency */,
			);
			name = USGBCTests;
			productName = USGBCTests;
			productReference = D347A70118C5AD3C00858DDB /* USGBCTests.xctest */;
			productType = "com.apple.product-type.bundle.unit-test";
		};
/* End PBXNativeTarget section */

/* Begin PBXProject section */
		D347A6D518C5AD3C00858DDB /* Project object */ = {
			isa = PBXProject;
			attributes = {
				LastUpgradeCheck = 0500;
				ORGANIZATIONNAME = USGBC;
				TargetAttributes = {
					D347A70018C5AD3C00858DDB = {
						TestTargetID = D347A6DC18C5AD3C00858DDB;
					};
				};
			};
			buildConfigurationList = D347A6D818C5AD3C00858DDB /* Build configuration list for PBXProject "USGBC" */;
			compatibilityVersion = "Xcode 3.2";
			developmentRegion = English;
			hasScannedForEncodings = 0;
			knownRegions = (
				en,
				Base,
			);
			mainGroup = D347A6D418C5AD3C00858DDB;
			productRefGroup = D347A6DE18C5AD3C00858DDB /* Products */;
			projectDirPath = "";
			projectRoot = "";
			targets = (
				D347A6DC18C5AD3C00858DDB /* USGBC */,
				D347A70018C5AD3C00858DDB /* USGBCTests */,
			);
		};
/* End PBXProject section */

/* Begin PBXResourcesBuildPhase section */
		D347A6DB18C5AD3C00858DDB /* Resources */ = {
			isa = PBXResourcesBuildPhase;
			buildActionMask = 2147483647;
			files = (
				D347A6FC18C5AD3C00858DDB /* Images.xcassets in Resources */,
				D347A6EB18C5AD3C00858DDB /* InfoPlist.strings in Resources */,
				D347A6F418C5AD3C00858DDB /* Main.storyboard in Resources */,
			);
			runOnlyForDeploymentPostprocessing = 0;
		};
		D347A6FF18C5AD3C00858DDB /* Resources */ = {
			isa = PBXResourcesBuildPhase;
			buildActionMask = 2147483647;
			files = (
				D347A70D18C5AD3C00858DDB /* InfoPlist.strings in Resources */,
			);
			runOnlyForDeploymentPostprocessing = 0;
		};
/* End PBXResourcesBuildPhase section */

/* Begin PBXSourcesBuildPhase section */
		D347A6D918C5AD3C00858DDB /* Sources */ = {
			isa = PBXSourcesBuildPhase;
			buildActionMask = 2147483647;
			files = (
				D347A6FA18C5AD3C00858DDB /* SecondViewController.m in Sources */,
				D347A6F118C5AD3C00858DDB /* AppDelegate.m in Sources */,
				D347A6F718C5AD3C00858DDB /* FirstViewController.m in Sources */,
				D347A6ED18C5AD3C00858DDB /* main.m in Sources */,
			);
			runOnlyForDeploymentPostprocessing = 0;
		};
		D347A6FD18C5AD3C00858DDB /* Sources */ = {
			isa = PBXSourcesBuildPhase;
			buildActionMask = 2147483647;
			files = (
				D347A70F18C5AD3C00858DDB /* USGBCTests.m in Sources */,
			);
			runOnlyForDeploymentPostprocessing = 0;
		};
/* End PBXSourcesBuildPhase section */

/* Begin PBXTargetDependency section */
		D347A70718C5AD3C00858DDB /* PBXTargetDependency */ = {
			isa = PBXTargetDependency;
			target = D347A6DC18C5AD3C00858DDB /* USGBC */;
			targetProxy = D347A70618C5AD3C00858DDB /* PBXContainerItemProxy */;
		};
/* End PBXTargetDependency section */

/* Begin PBXVariantGroup section */
		D347A6E918C5AD3C00858DDB /* InfoPlist.strings */ = {
			isa = PBXVariantGroup;
			children = (
				D347A6EA18C5AD3C00858DDB /* en */,
			);
			name = InfoPlist.strings;
			sourceTree = "<group>";
		};
		D347A6F218C5AD3C00858DDB /* Main.storyboard */ = {
			isa = PBXVariantGroup;
			children = (
				D347A6F318C5AD3C00858DDB /* Base */,
			);
			name = Main.storyboard;
			sourceTree = "<group>";
		};
		D347A70B18C5AD3C00858DDB /* InfoPlist.strings */ = {
			isa = PBXVariantGroup;
			children = (
				D347A70C18C5AD3C00858DDB /* en */,
			);
			name = InfoPlist.strings;
			sourceTree = "<group>";
		};
/* End PBXVariantGroup section */

/* Begin XCBuildConfiguration section */
		D347A71018C5AD3C00858DDB /* Debug */ = {
			isa = XCBuildConfiguration;
			buildSettings = {
				ALWAYS_SEARCH_USER_PATHS = NO;
				ARCHS = "$(ARCHS_STANDARD_INCLUDING_64_BIT)";
				CLANG_CXX_LANGUAGE_STANDARD = "gnu++0x";
				CLANG_CXX_LIBRARY = "libc++";
				CLANG_ENABLE_MODULES = YES;
				CLANG_ENABLE_OBJC_ARC = YES;
				CLANG_WARN_BOOL_CONVERSION = YES;
				CLANG_WARN_CONSTANT_CONVERSION = YES;
				CLANG_WARN_DIRECT_OBJC_ISA_USAGE = YES_ERROR;
				CLANG_WARN_EMPTY_BODY = YES;
				CLANG_WARN_ENUM_CONVERSION = YES;
				CLANG_WARN_INT_CONVERSION = YES;
				CLANG_WARN_OBJC_ROOT_CLASS = YES_ERROR;
				CLANG_WARN__DUPLICATE_METHOD_MATCH = YES;
				"CODE_SIGN_IDENTITY[sdk=iphoneos*]" = "iPhone Developer";
				COPY_PHASE_STRIP = NO;
				GCC_C_LANGUAGE_STANDARD = gnu99;
				GCC_DYNAMIC_NO_PIC = NO;
				GCC_OPTIMIZATION_LEVEL = 0;
				GCC_PREPROCESSOR_DEFINITIONS = (
					"DEBUG=1",
					"$(inherited)",
				);
				GCC_SYMBOLS_PRIVATE_EXTERN = NO;
				GCC_WARN_64_TO_32_BIT_CONVERSION = YES;
				GCC_WARN_ABOUT_RETURN_TYPE = YES_ERROR;
				GCC_WARN_UNDECLARED_SELECTOR = YES;
				GCC_WARN_UNINITIALIZED_AUTOS = YES;
				GCC_WARN_UNUSED_FUNCTION = YES;
				GCC_WARN_UNUSED_VARIABLE = YES;
				IPHONEOS_DEPLOYMENT_TARGET = 7.0;
				ONLY_ACTIVE_ARCH = YES;
				SDKROOT = iphoneos;
			};
			name = Debug;
		};
		D347A71118C5AD3C00858DDB /* Release */ = {
			isa = XCBuildConfiguration;
			buildSettings = {
				ALWAYS_SEARCH_USER_PATHS = NO;
				ARCHS = "$(ARCHS_STANDARD_INCLUDING_64_BIT)";
				CLANG_CXX_LANGUAGE_STANDARD = "gnu++0x";
				CLANG_CXX_LIBRARY = "libc++";
				CLANG_ENABLE_MODULES = YES;
				CLANG_ENABLE_OBJC_ARC = YES;
				CLANG_WARN_BOOL_CONVERSION = YES;
				CLANG_WARN_CONSTANT_CONVERSION = YES;
				CLANG_WARN_DIRECT_OBJC_ISA_USAGE = YES_ERROR;
				CLANG_WARN_EMPTY_BODY = YES;
				CLANG_WARN_ENUM_CONVERSION = YES;
				CLANG_WARN_INT_CONVERSION = YES;
				CLANG_WARN_OBJC_ROOT_CLASS = YES_ERROR;
				CLANG_WARN__DUPLICATE_METHOD_MATCH = YES;
				"CODE_SIGN_IDENTITY[sdk=iphoneos*]" = "iPhone Developer";
				COPY_PHASE_STRIP = YES;
				ENABLE_NS_ASSERTIONS = NO;
				GCC_C_LANGUAGE_STANDARD = gnu99;
				GCC_WARN_64_TO_32_BIT_CONVERSION = YES;
				GCC_WARN_ABOUT_RETURN_TYPE = YES_ERROR;
				GCC_WARN_UNDECLARED_SELECTOR = YES;
				GCC_WARN_UNINITIALIZED_AUTOS = YES;
				GCC_WARN_UNUSED_FUNCTION = YES;
				GCC_WARN_UNUSED_VARIABLE = YES;
				IPHONEOS_DEPLOYMENT_TARGET = 7.0;
				SDKROOT = iphoneos;
				VALIDATE_PRODUCT = YES;
			};
			name = Release;
		};
		D347A71318C5AD3C00858DDB /* Debug */ = {
			isa = XCBuildConfiguration;
			buildSettings = {
				ASSETCATALOG_COMPILER_APPICON_NAME = AppIcon;
				ASSETCATALOG_COMPILER_LAUNCHIMAGE_NAME = LaunchImage;
				GCC_PRECOMPILE_PREFIX_HEADER = YES;
				GCC_PREFIX_HEADER = "USGBC/USGBC-Prefix.pch";
				INFOPLIST_FILE = "USGBC/USGBC-Info.plist";
				PRODUCT_NAME = "$(TARGET_NAME)";
				WRAPPER_EXTENSION = app;
			};
			name = Debug;
		};
		D347A71418C5AD3C00858DDB /* Release */ = {
			isa = XCBuildConfiguration;
			buildSettings = {
				ASSETCATALOG_COMPILER_APPICON_NAME = AppIcon;
				ASSETCATALOG_COMPILER_LAUNCHIMAGE_NAME = LaunchImage;
				GCC_PRECOMPILE_PREFIX_HEADER = YES;
				GCC_PREFIX_HEADER = "USGBC/USGBC-Prefix.pch";
				INFOPLIST_FILE = "USGBC/USGBC-Info.plist";
				PRODUCT_NAME = "$(TARGET_NAME)";
				WRAPPER_EXTENSION = app;
			};
			name = Release;
		};
		D347A71618C5AD3C00858DDB /* Debug */ = {
			isa = XCBuildConfiguration;
			buildSettings = {
				ARCHS = "$(ARCHS_STANDARD_INCLUDING_64_BIT)";
				BUNDLE_LOADER = "$(BUILT_PRODUCTS_DIR)/USGBC.app/USGBC";
				FRAMEWORK_SEARCH_PATHS = (
					"$(SDKROOT)/Developer/Library/Frameworks",
					"$(inherited)",
					"$(DEVELOPER_FRAMEWORKS_DIR)",
				);
				GCC_PRECOMPILE_PREFIX_HEADER = YES;
				GCC_PREFIX_HEADER = "USGBC/USGBC-Prefix.pch";
				GCC_PREPROCESSOR_DEFINITIONS = (
					"DEBUG=1",
					"$(inherited)",
				);
				INFOPLIST_FILE = "USGBCTests/USGBCTests-Info.plist";
				PRODUCT_NAME = "$(TARGET_NAME)";
				TEST_HOST = "$(BUNDLE_LOADER)";
				WRAPPER_EXTENSION = xctest;
			};
			name = Debug;
		};
		D347A71718C5AD3C00858DDB /* Release */ = {
			isa = XCBuildConfiguration;
			buildSettings = {
				ARCHS = "$(ARCHS_STANDARD_INCLUDING_64_BIT)";
				BUNDLE_LOADER = "$(BUILT_PRODUCTS_DIR)/USGBC.app/USGBC";
				FRAMEWORK_SEARCH_PATHS = (
					"$(SDKROOT)/Developer/Library/Frameworks",
					"$(inherited)",
					"$(DEVELOPER_FRAMEWORKS_DIR)",
				);
				GCC_PRECOMPILE_PREFIX_HEADER = YES;
				GCC_PREFIX_HEADER = "USGBC/USGBC-Prefix.pch";
				INFOPLIST_FILE = "USGBCTests/USGBCTests-Info.plist";
				PRODUCT_NAME = "$(TARGET_NAME)";
				TEST_HOST = "$(BUNDLE_LOADER)";
				WRAPPER_EXTENSION = xctest;
			};
			name = Release;
		};
/* End XCBuildConfiguration section */

/* Begin XCConfigurationList section */
		D347A6D818C5AD3C00858DDB /* Build configuration list for PBXProject "USGBC" */ = {
			isa = XCConfigurationList;
			buildConfigurations = (
				D347A71018C5AD3C00858DDB /* Debug */,
				D347A71118C5AD3C00858DDB /* Release */,
			);
			defaultConfigurationIsVisible = 0;
			defaultConfigurationName = Release;
		};
		D347A71218C5AD3C00858DDB /* Build configuration list for PBXNativeTarget "USGBC" */ = {
			isa = XCConfigurationList;
			buildConfigurations = (
				D347A71318C5AD3C00858DDB /* Debug */,
				D347A71418C5AD3C00858DDB /* Release */,
			);
			defaultConfigurationIsVisible = 0;
		};
		D347A71518C5AD3C00858DDB /* Build configuration list for PBXNativeTarget "USGBCTests" */ = {
			isa = XCConfigurationList;
			buildConfigurations = (
				D347A71618C5AD3C00858DDB /* Debug */,
				D347A71718C5AD3C00858DDB /* Release */,
			);
			defaultConfigurationIsVisible = 0;
		};
/* End XCConfigurationList section */
	};
	rootObject = D347A6D518C5AD3C00858DDB /* Project object */;
}
